
Microsoft Visual Studio Solution File, Format Version 12.00
Project("{FAE04EC0-301F-11D3-BF4B-00C04F79EFBC}") = "api", "api\api.csproj", "{C56E2B86-CB6D-476E-BBA2-0FC13C49F58A}"
EndProject
Global
	GlobalSection(SolutionConfigurationPlatforms) = preSolution
		Debug|Any CPU = Debug|Any CPU
		Release|Any CPU = Release|Any CPU
	EndGlobalSection
	GlobalSection(ProjectConfigurationPlatforms) = postSolution
		{C56E2B86-CB6D-476E-BBA2-0FC13C49F58A}.Debug|Any CPU.ActiveCfg = Debug|Any CPU
		{C56E2B86-CB6D-476E-BBA2-0FC13C49F58A}.Debug|Any CPU.Build.0 = Debug|Any CPU
		{C56E2B86-CB6D-476E-BBA2-0FC13C49F58A}.Release|Any CPU.ActiveCfg = Release|Any CPU
		{C56E2B86-CB6D-476E-BBA2-0FC13C49F58A}.Release|Any CPU.Build.0 = Release|Any CPU
	EndGlobalSection
EndGlobal
